
Microsoft Visual Studio Solution File, Format Version 12.00
# Visual Studio Version 16
VisualStudioVersion = 16.0.30611.23
MinimumVisualStudioVersion = 10.0.40219.1
Project("{FAE04EC0-301F-11D3-BF4B-00C04F79EFBC}") = "MintPlayer.XamarinForms.Converters", "MintPlayer.XamarinForms.Converters\MintPlayer.XamarinForms.Converters.csproj", "{65972506-F538-49A9-9155-CA715D2AE725}"
EndProject
Global
	GlobalSection(SolutionConfigurationPlatforms) = preSolution
		Debug|Any CPU = Debug|Any CPU
		Release|Any CPU = Release|Any CPU
	EndGlobalSection
	GlobalSection(ProjectConfigurationPlatforms) = postSolution
		{65972506-F538-49A9-9155-CA715D2AE725}.Debug|Any CPU.ActiveCfg = Debug|Any CPU
		{65972506-F538-49A9-9155-CA715D2AE725}.Debug|Any CPU.Build.0 = Debug|Any CPU
		{65972506-F538-49A9-9155-CA715D2AE725}.Release|Any CPU.ActiveCfg = Release|Any CPU
		{65972506-F538-49A9-9155-CA715D2AE725}.Release|Any CPU.Build.0 = Release|Any CPU
	EndGlobalSection
	GlobalSection(SolutionProperties) = preSolution
		HideSolutionNode = FALSE
	EndGlobalSection
	GlobalSection(ExtensibilityGlobals) = postSolution
		SolutionGuid = {99491DFD-316D-493E-95A1-DAFF19CA2A63}
	EndGlobalSection
EndGlobal
